// !$*UTF8*$!
{
	archiveVersion = 1;
	classes = {
	};
	objectVersion = 46;
	objects = {

/* Begin PBXBuildFile section */
		1C80AF361552880200A391DA /* InstructionViewController.m in Sources */ = {isa = PBXBuildFile; fileRef = 1C80AF341552880200A391DA /* InstructionViewController.m */; };
		1C80AF371552880200A391DA /* InstructionViewController.xib in Resources */ = {isa = PBXBuildFile; fileRef = 1C80AF351552880200A391DA /* InstructionViewController.xib */; };
		1C87EE7B154FD4DF00E4CEA4 /* AddApprasialView.m in Sources */ = {isa = PBXBuildFile; fileRef = 1C87EE7A154FD4DF00E4CEA4 /* AddApprasialView.m */; };
		1C87EE80154FD58B00E4CEA4 /* AddApprasialView.xib in Resources */ = {isa = PBXBuildFile; fileRef = 1C87EE7F154FD58B00E4CEA4 /* AddApprasialView.xib */; };
		1CA0AC01154EB409009E6D36 /* CustomDatePickerView.m in Sources */ = {isa = PBXBuildFile; fileRef = 1CA0AC00154EB409009E6D36 /* CustomDatePickerView.m */; };
		1CBD5C48154FFEC700CC8FB9 /* AppraisalViewController.m in Sources */ = {isa = PBXBuildFile; fileRef = 1CBD5C46154FFEC700CC8FB9 /* AppraisalViewController.m */; };
		1CBD5C49154FFEC700CC8FB9 /* AppraisalViewController.xib in Resources */ = {isa = PBXBuildFile; fileRef = 1CBD5C47154FFEC700CC8FB9 /* AppraisalViewController.xib */; };
		1CE51E86154E74A6001675AC /* RatingCellView.m in Sources */ = {isa = PBXBuildFile; fileRef = 1CE51E84154E74A6001675AC /* RatingCellView.m */; };
		1CE51E87154E74A6001675AC /* RatingCellView.xib in Resources */ = {isa = PBXBuildFile; fileRef = 1CE51E85154E74A6001675AC /* RatingCellView.xib */; };
		5D87F662154DCC93005C596D /* MCDatabase.m in Sources */ = {isa = PBXBuildFile; fileRef = 5D87F660154DCC93005C596D /* MCDatabase.m */; };
		5DF6970F1551E04D0030D39A /* QuartzCore.framework in Frameworks */ = {isa = PBXBuildFile; fileRef = 5DF6970E1551E04D0030D39A /* QuartzCore.framework */; };
		5DFD2252155069FA008BAF60 /* backGrn.png in Resources */ = {isa = PBXBuildFile; fileRef = 5DFD2251155069FA008BAF60 /* backGrn.png */; };
		C9386750154C9C0100709334 /* AddAppraisalViewController.m in Sources */ = {isa = PBXBuildFile; fileRef = C938674E154C9C0100709334 /* AddAppraisalViewController.m */; };
		C9386751154C9C0100709334 /* AddAppraisalViewController.xib in Resources */ = {isa = PBXBuildFile; fileRef = C938674F154C9C0100709334 /* AddAppraisalViewController.xib */; };
		C993D913154BEAA10045D39B /* UIKit.framework in Frameworks */ = {isa = PBXBuildFile; fileRef = C993D912154BEAA10045D39B /* UIKit.framework */; };
		C993D915154BEAA10045D39B /* Foundation.framework in Frameworks */ = {isa = PBXBuildFile; fileRef = C993D914154BEAA10045D39B /* Foundation.framework */; };
		C993D917154BEAA10045D39B /* CoreGraphics.framework in Frameworks */ = {isa = PBXBuildFile; fileRef = C993D916154BEAA10045D39B /* CoreGraphics.framework */; };
		C993D91D154BEAA10045D39B /* InfoPlist.strings in Resources */ = {isa = PBXBuildFile; fileRef = C993D91B154BEAA10045D39B /* InfoPlist.strings */; };
		C993D91F154BEAA10045D39B /* main.m in Sources */ = {isa = PBXBuildFile; fileRef = C993D91E154BEAA10045D39B /* main.m */; };
		C993D923154BEAA10045D39B /* EmployeeRadarAppAppDelegate.m in Sources */ = {isa = PBXBuildFile; fileRef = C993D922154BEAA10045D39B /* EmployeeRadarAppAppDelegate.m */; };
		C993D92C154BEB3F0045D39B /* FirstViewController.m in Sources */ = {isa = PBXBuildFile; fileRef = C993D92A154BEB3F0045D39B /* FirstViewController.m */; };
		C993D92D154BEB3F0045D39B /* FirstViewController.xib in Resources */ = {isa = PBXBuildFile; fileRef = C993D92B154BEB3F0045D39B /* FirstViewController.xib */; };
		C9DCCFA2154D3B6400220013 /* DetailAddAppraisalViewController.m in Sources */ = {isa = PBXBuildFile; fileRef = C9DCCFA0154D3B6400220013 /* DetailAddAppraisalViewController.m */; };
		C9DCCFA3154D3B6400220013 /* DetailAddAppraisalViewController.xib in Resources */ = {isa = PBXBuildFile; fileRef = C9DCCFA1154D3B6400220013 /* DetailAddAppraisalViewController.xib */; };
		C9DCCFA8154D44E700220013 /* RatingView.m in Sources */ = {isa = PBXBuildFile; fileRef = C9DCCFA7154D44E700220013 /* RatingView.m */; };
		C9DCCFAD154D468C00220013 /* RatingView.xib in Resources */ = {isa = PBXBuildFile; fileRef = C9DCCFAC154D468C00220013 /* RatingView.xib */; };
		C9EB01D6154C64F900DB75D8 /* RegistrationViewController.m in Sources */ = {isa = PBXBuildFile; fileRef = C9EB01D4154C64F900DB75D8 /* RegistrationViewController.m */; };
		C9EB01D7154C64F900DB75D8 /* RegistrationViewController.xib in Resources */ = {isa = PBXBuildFile; fileRef = C9EB01D5154C64F900DB75D8 /* RegistrationViewController.xib */; };
		C9EB01E3154C687900DB75D8 /* DataBaseHandler.m in Sources */ = {isa = PBXBuildFile; fileRef = C9EB01E2154C687900DB75D8 /* DataBaseHandler.m */; };
		C9EB01E5154C689800DB75D8 /* libsqlite3.0.dylib in Frameworks */ = {isa = PBXBuildFile; fileRef = C9EB01E4154C689800DB75D8 /* libsqlite3.0.dylib */; };
		C9EB01F0154C6F6C00DB75D8 /* Radars.sqlite in Resources */ = {isa = PBXBuildFile; fileRef = C9EB01EF154C6F6C00DB75D8 /* Radars.sqlite */; };
		C9EB01F4154C72BC00DB75D8 /* OptionViewController.m in Sources */ = {isa = PBXBuildFile; fileRef = C9EB01F2154C72BC00DB75D8 /* OptionViewController.m */; };
		C9EB01F5154C72BC00DB75D8 /* OptionViewController.xib in Resources */ = {isa = PBXBuildFile; fileRef = C9EB01F3154C72BC00DB75D8 /* OptionViewController.xib */; };
		C9EB01F8154C7D9F00DB75D8 /* Default.jpg in Resources */ = {isa = PBXBuildFile; fileRef = C9EB01F7154C7D9F00DB75D8 /* Default.jpg */; };
		C9EB01FA154C7F9A00DB75D8 /* YellowImg.png in Resources */ = {isa = PBXBuildFile; fileRef = C9EB01F9154C7F9A00DB75D8 /* YellowImg.png */; };
		C9EB022D154C85BD00DB75D8 /* SCArgument.m in Sources */ = {isa = PBXBuildFile; fileRef = C9EB021C154C85BD00DB75D8 /* SCArgument.m */; };
		C9EB022E154C85BD00DB75D8 /* SCArgumentParser.m in Sources */ = {isa = PBXBuildFile; fileRef = C9EB021E154C85BD00DB75D8 /* SCArgumentParser.m */; };
		C9EB022F154C85BD00DB75D8 /* SCConstants.m in Sources */ = {isa = PBXBuildFile; fileRef = C9EB0220154C85BD00DB75D8 /* SCConstants.m */; };
		C9EB0230154C85BD00DB75D8 /* SCPathUtils.m in Sources */ = {isa = PBXBuildFile; fileRef = C9EB0222154C85BD00DB75D8 /* SCPathUtils.m */; };
		C9EB0231154C85BD00DB75D8 /* SCAnimation.m in Sources */ = {isa = PBXBuildFile; fileRef = C9EB0224154C85BD00DB75D8 /* SCAnimation.m */; };
		C9EB0232154C85BD00DB75D8 /* SCModalPickerView.m in Sources */ = {isa = PBXBuildFile; fileRef = C9EB0226154C85BD00DB75D8 /* SCModalPickerView.m */; };
		C9EB0233154C85BD00DB75D8 /* SCViewController.m in Sources */ = {isa = PBXBuildFile; fileRef = C9EB0228154C85BD00DB75D8 /* SCViewController.m */; };
		C9EB0234154C85BD00DB75D8 /* UIImage+SCAdditions.m in Sources */ = {isa = PBXBuildFile; fileRef = C9EB022A154C85BD00DB75D8 /* UIImage+SCAdditions.m */; };
		C9EB0235154C85BD00DB75D8 /* UIView+SCAdditions.m in Sources */ = {isa = PBXBuildFile; fileRef = C9EB022C154C85BD00DB75D8 /* UIView+SCAdditions.m */; };
/* End PBXBuildFile section */

/* Begin PBXFileReference section */
		1C80AF331552880200A391DA /* InstructionViewController.h */ = {isa = PBXFileReference; fileEncoding = 4; lastKnownFileType = sourcecode.c.h; path = InstructionViewController.h; sourceTree = "<group>"; };
		1C80AF341552880200A391DA /* InstructionViewController.m */ = {isa = PBXFileReference; fileEncoding = 4; lastKnownFileType = sourcecode.c.objc; path = InstructionViewController.m; sourceTree = "<group>"; };
		1C80AF351552880200A391DA /* InstructionViewController.xib */ = {isa = PBXFileReference; fileEncoding = 4; lastKnownFileType = file.xib; path = InstructionViewController.xib; sourceTree = "<group>"; };
		1C87EE79154FD4DF00E4CEA4 /* AddApprasialView.h */ = {isa = PBXFileReference; fileEncoding = 4; lastKnownFileType = sourcecode.c.h; path = AddApprasialView.h; sourceTree = "<group>"; };
		1C87EE7A154FD4DF00E4CEA4 /* AddApprasialView.m */ = {isa = PBXFileReference; fileEncoding = 4; lastKnownFileType = sourcecode.c.objc; path = AddApprasialView.m; sourceTree = "<group>"; };
		1C87EE7F154FD58B00E4CEA4 /* AddApprasialView.xib */ = {isa = PBXFileReference; fileEncoding = 4; lastKnownFileType = file.xib; path = AddApprasialView.xib; sourceTree = "<group>"; };
		1C87EE94154FF44800E4CEA4 /* ModalController.m */ = {isa = PBXFileReference; lastKnownFileType = sourcecode.c.objc; path = ModalController.m; sourceTree = "<group>"; };
		1C87EE95154FF44800E4CEA4 /* ModalController.h */ = {isa = PBXFileReference; lastKnownFileType = sourcecode.c.h; path = ModalController.h; sourceTree = "<group>"; };
		1CA0ABFF154EB409009E6D36 /* CustomDatePickerView.h */ = {isa = PBXFileReference; fileEncoding = 4; lastKnownFileType = sourcecode.c.h; path = CustomDatePickerView.h; sourceTree = "<group>"; };
		1CA0AC00154EB409009E6D36 /* CustomDatePickerView.m */ = {isa = PBXFileReference; fileEncoding = 4; lastKnownFileType = sourcecode.c.objc; path = CustomDatePickerView.m; sourceTree = "<group>"; };
		1CBD5C45154FFEC700CC8FB9 /* AppraisalViewController.h */ = {isa = PBXFileReference; fileEncoding = 4; lastKnownFileType = sourcecode.c.h; path = AppraisalViewController.h; sourceTree = "<group>"; };
		1CBD5C46154FFEC700CC8FB9 /* AppraisalViewController.m */ = {isa = PBXFileReference; fileEncoding = 4; lastKnownFileType = sourcecode.c.objc; path = AppraisalViewController.m; sourceTree = "<group>"; };
		1CBD5C47154FFEC700CC8FB9 /* AppraisalViewController.xib */ = {isa = PBXFileReference; fileEncoding = 4; lastKnownFileType = file.xib; path = AppraisalViewController.xib; sourceTree = "<group>"; };
		1CE51E83154E74A6001675AC /* RatingCellView.h */ = {isa = PBXFileReference; fileEncoding = 4; lastKnownFileType = sourcecode.c.h; path = RatingCellView.h; sourceTree = "<group>"; };
		1CE51E84154E74A6001675AC /* RatingCellView.m */ = {isa = PBXFileReference; fileEncoding = 4; lastKnownFileType = sourcecode.c.objc; path = RatingCellView.m; sourceTree = "<group>"; };
		1CE51E85154E74A6001675AC /* RatingCellView.xib */ = {isa = PBXFileReference; fileEncoding = 4; lastKnownFileType = file.xib; path = RatingCellView.xib; sourceTree = "<group>"; };
		5D87F660154DCC93005C596D /* MCDatabase.m */ = {isa = PBXFileReference; fileEncoding = 4; lastKnownFileType = sourcecode.c.objc; path = MCDatabase.m; sourceTree = "<group>"; };
		5D87F661154DCC93005C596D /* MCDatabase.h */ = {isa = PBXFileReference; fileEncoding = 4; lastKnownFileType = sourcecode.c.h; path = MCDatabase.h; sourceTree = "<group>"; };
		5DF6970E1551E04D0030D39A /* QuartzCore.framework */ = {isa = PBXFileReference; lastKnownFileType = wrapper.framework; name = QuartzCore.framework; path = System/Library/Frameworks/QuartzCore.framework; sourceTree = SDKROOT; };
		5DFD2251155069FA008BAF60 /* backGrn.png */ = {isa = PBXFileReference; lastKnownFileType = image.png; path = backGrn.png; sourceTree = "<group>"; };
		C938674D154C9C0100709334 /* AddAppraisalViewController.h */ = {isa = PBXFileReference; fileEncoding = 4; lastKnownFileType = sourcecode.c.h; path = AddAppraisalViewController.h; sourceTree = "<group>"; };
		C938674E154C9C0100709334 /* AddAppraisalViewController.m */ = {isa = PBXFileReference; fileEncoding = 4; lastKnownFileType = sourcecode.c.objc; path = AddAppraisalViewController.m; sourceTree = "<group>"; };
		C938674F154C9C0100709334 /* AddAppraisalViewController.xib */ = {isa = PBXFileReference; fileEncoding = 4; lastKnownFileType = file.xib; path = AddAppraisalViewController.xib; sourceTree = "<group>"; };
		C993D90E154BEAA10045D39B /* EmployeeRadarApp.app */ = {isa = PBXFileReference; explicitFileType = wrapper.application; includeInIndex = 0; path = EmployeeRadarApp.app; sourceTree = BUILT_PRODUCTS_DIR; };
		C993D912154BEAA10045D39B /* UIKit.framework */ = {isa = PBXFileReference; lastKnownFileType = wrapper.framework; name = UIKit.framework; path = System/Library/Frameworks/UIKit.framework; sourceTree = SDKROOT; };
		C993D914154BEAA10045D39B /* Foundation.framework */ = {isa = PBXFileReference; lastKnownFileType = wrapper.framework; name = Foundation.framework; path = System/Library/Frameworks/Foundation.framework; sourceTree = SDKROOT; };
		C993D916154BEAA10045D39B /* CoreGraphics.framework */ = {isa = PBXFileReference; lastKnownFileType = wrapper.framework; name = CoreGraphics.framework; path = System/Library/Frameworks/CoreGraphics.framework; sourceTree = SDKROOT; };
		C993D91A154BEAA10045D39B /* EmployeeRadarApp-Info.plist */ = {isa = PBXFileReference; lastKnownFileType = text.plist.xml; path = "EmployeeRadarApp-Info.plist"; sourceTree = "<group>"; };
		C993D91C154BEAA10045D39B /* en */ = {isa = PBXFileReference; lastKnownFileType = text.plist.strings; name = en; path = en.lproj/InfoPlist.strings; sourceTree = "<group>"; };
		C993D91E154BEAA10045D39B /* main.m */ = {isa = PBXFileReference; lastKnownFileType = sourcecode.c.objc; path = main.m; sourceTree = "<group>"; };
		C993D920154BEAA10045D39B /* EmployeeRadarApp-Prefix.pch */ = {isa = PBXFileReference; lastKnownFileType = sourcecode.c.h; path = "EmployeeRadarApp-Prefix.pch"; sourceTree = "<group>"; };
		C993D921154BEAA10045D39B /* EmployeeRadarAppAppDelegate.h */ = {isa = PBXFileReference; lastKnownFileType = sourcecode.c.h; path = EmployeeRadarAppAppDelegate.h; sourceTree = "<group>"; };
		C993D922154BEAA10045D39B /* EmployeeRadarAppAppDelegate.m */ = {isa = PBXFileReference; lastKnownFileType = sourcecode.c.objc; path = EmployeeRadarAppAppDelegate.m; sourceTree = "<group>"; };
		C993D929154BEB3F0045D39B /* FirstViewController.h */ = {isa = PBXFileReference; fileEncoding = 4; lastKnownFileType = sourcecode.c.h; path = FirstViewController.h; sourceTree = "<group>"; };
		C993D92A154BEB3F0045D39B /* FirstViewController.m */ = {isa = PBXFileReference; fileEncoding = 4; lastKnownFileType = sourcecode.c.objc; path = FirstViewController.m; sourceTree = "<group>"; };
		C993D92B154BEB3F0045D39B /* FirstViewController.xib */ = {isa = PBXFileReference; fileEncoding = 4; lastKnownFileType = file.xib; path = FirstViewController.xib; sourceTree = "<group>"; };
		C9DCCF9F154D3B6400220013 /* DetailAddAppraisalViewController.h */ = {isa = PBXFileReference; fileEncoding = 4; lastKnownFileType = sourcecode.c.h; path = DetailAddAppraisalViewController.h; sourceTree = "<group>"; };
		C9DCCFA0154D3B6400220013 /* DetailAddAppraisalViewController.m */ = {isa = PBXFileReference; fileEncoding = 4; lastKnownFileType = sourcecode.c.objc; path = DetailAddAppraisalViewController.m; sourceTree = "<group>"; };
		C9DCCFA1154D3B6400220013 /* DetailAddAppraisalViewController.xib */ = {isa = PBXFileReference; fileEncoding = 4; lastKnownFileType = file.xib; path = DetailAddAppraisalViewController.xib; sourceTree = "<group>"; };
		C9DCCFA6154D44E700220013 /* RatingView.h */ = {isa = PBXFileReference; fileEncoding = 4; lastKnownFileType = sourcecode.c.h; path = RatingView.h; sourceTree = "<group>"; };
		C9DCCFA7154D44E700220013 /* RatingView.m */ = {isa = PBXFileReference; fileEncoding = 4; lastKnownFileType = sourcecode.c.objc; path = RatingView.m; sourceTree = "<group>"; };
		C9DCCFAC154D468C00220013 /* RatingView.xib */ = {isa = PBXFileReference; fileEncoding = 4; lastKnownFileType = file.xib; path = RatingView.xib; sourceTree = "<group>"; };
		C9EB01D3154C64F900DB75D8 /* RegistrationViewController.h */ = {isa = PBXFileReference; fileEncoding = 4; lastKnownFileType = sourcecode.c.h; path = RegistrationViewController.h; sourceTree = "<group>"; };
		C9EB01D4154C64F900DB75D8 /* RegistrationViewController.m */ = {isa = PBXFileReference; fileEncoding = 4; lastKnownFileType = sourcecode.c.objc; path = RegistrationViewController.m; sourceTree = "<group>"; };
		C9EB01D5154C64F900DB75D8 /* RegistrationViewController.xib */ = {isa = PBXFileReference; fileEncoding = 4; lastKnownFileType = file.xib; path = RegistrationViewController.xib; sourceTree = "<group>"; };
		C9EB01D9154C66A800DB75D8 /* Constants.h */ = {isa = PBXFileReference; fileEncoding = 4; lastKnownFileType = sourcecode.c.h; path = Constants.h; sourceTree = "<group>"; };
		C9EB01E1154C687900DB75D8 /* DataBaseHandler.h */ = {isa = PBXFileReference; fileEncoding = 4; lastKnownFileType = sourcecode.c.h; path = DataBaseHandler.h; sourceTree = "<group>"; };
		C9EB01E2154C687900DB75D8 /* DataBaseHandler.m */ = {isa = PBXFileReference; fileEncoding = 4; lastKnownFileType = sourcecode.c.objc; path = DataBaseHandler.m; sourceTree = "<group>"; };
		C9EB01E4154C689800DB75D8 /* libsqlite3.0.dylib */ = {isa = PBXFileReference; lastKnownFileType = "compiled.mach-o.dylib"; name = libsqlite3.0.dylib; path = usr/lib/libsqlite3.0.dylib; sourceTree = SDKROOT; };
		C9EB01EF154C6F6C00DB75D8 /* Radars.sqlite */ = {isa = PBXFileReference; lastKnownFileType = file; path = Radars.sqlite; sourceTree = "<group>"; };
		C9EB01F1154C72BC00DB75D8 /* OptionViewController.h */ = {isa = PBXFileReference; fileEncoding = 4; lastKnownFileType = sourcecode.c.h; path = OptionViewController.h; sourceTree = "<group>"; };
		C9EB01F2154C72BC00DB75D8 /* OptionViewController.m */ = {isa = PBXFileReference; fileEncoding = 4; lastKnownFileType = sourcecode.c.objc; path = OptionViewController.m; sourceTree = "<group>"; };
		C9EB01F3154C72BC00DB75D8 /* OptionViewController.xib */ = {isa = PBXFileReference; fileEncoding = 4; lastKnownFileType = file.xib; path = OptionViewController.xib; sourceTree = "<group>"; };
		C9EB01F7154C7D9F00DB75D8 /* Default.jpg */ = {isa = PBXFileReference; lastKnownFileType = image.jpeg; path = Default.jpg; sourceTree = "<group>"; };
		C9EB01F9154C7F9A00DB75D8 /* YellowImg.png */ = {isa = PBXFileReference; lastKnownFileType = image.png; path = YellowImg.png; sourceTree = "<group>"; };
		C9EB021B154C85BD00DB75D8 /* SCArgument.h */ = {isa = PBXFileReference; fileEncoding = 4; lastKnownFileType = sourcecode.c.h; path = SCArgument.h; sourceTree = "<group>"; };
		C9EB021C154C85BD00DB75D8 /* SCArgument.m */ = {isa = PBXFileReference; fileEncoding = 4; lastKnownFileType = sourcecode.c.objc; path = SCArgument.m; sourceTree = "<group>"; };
		C9EB021D154C85BD00DB75D8 /* SCArgumentParser.h */ = {isa = PBXFileReference; fileEncoding = 4; lastKnownFileType = sourcecode.c.h; path = SCArgumentParser.h; sourceTree = "<group>"; };
		C9EB021E154C85BD00DB75D8 /* SCArgumentParser.m */ = {isa = PBXFileReference; fileEncoding = 4; lastKnownFileType = sourcecode.c.objc; path = SCArgumentParser.m; sourceTree = "<group>"; };
		C9EB021F154C85BD00DB75D8 /* SCConstants.h */ = {isa = PBXFileReference; fileEncoding = 4; lastKnownFileType = sourcecode.c.h; path = SCConstants.h; sourceTree = "<group>"; };
		C9EB0220154C85BD00DB75D8 /* SCConstants.m */ = {isa = PBXFileReference; fileEncoding = 4; lastKnownFileType = sourcecode.c.objc; path = SCConstants.m; sourceTree = "<group>"; };
		C9EB0221154C85BD00DB75D8 /* SCPathUtils.h */ = {isa = PBXFileReference; fileEncoding = 4; lastKnownFileType = sourcecode.c.h; path = SCPathUtils.h; sourceTree = "<group>"; };
		C9EB0222154C85BD00DB75D8 /* SCPathUtils.m */ = {isa = PBXFileReference; fileEncoding = 4; lastKnownFileType = sourcecode.c.objc; path = SCPathUtils.m; sourceTree = "<group>"; };
		C9EB0223154C85BD00DB75D8 /* SCAnimation.h */ = {isa = PBXFileReference; fileEncoding = 4; lastKnownFileType = sourcecode.c.h; path = SCAnimation.h; sourceTree = "<group>"; };
		C9EB0224154C85BD00DB75D8 /* SCAnimation.m */ = {isa = PBXFileReference; fileEncoding = 4; lastKnownFileType = sourcecode.c.objc; path = SCAnimation.m; sourceTree = "<group>"; };
		C9EB0225154C85BD00DB75D8 /* SCModalPickerView.h */ = {isa = PBXFileReference; fileEncoding = 4; lastKnownFileType = sourcecode.c.h; path = SCModalPickerView.h; sourceTree = "<group>"; };
		C9EB0226154C85BD00DB75D8 /* SCModalPickerView.m */ = {isa = PBXFileReference; fileEncoding = 4; lastKnownFileType = sourcecode.c.objc; path = SCModalPickerView.m; sourceTree = "<group>"; };
		C9EB0227154C85BD00DB75D8 /* SCViewController.h */ = {isa = PBXFileReference; fileEncoding = 4; lastKnownFileType = sourcecode.c.h; path = SCViewController.h; sourceTree = "<group>"; };
		C9EB0228154C85BD00DB75D8 /* SCViewController.m */ = {isa = PBXFileReference; fileEncoding = 4; lastKnownFileType = sourcecode.c.objc; path = SCViewController.m; sourceTree = "<group>"; };
		C9EB0229154C85BD00DB75D8 /* UIImage+SCAdditions.h */ = {isa = PBXFileReference; fileEncoding = 4; lastKnownFileType = sourcecode.c.h; path = "UIImage+SCAdditions.h"; sourceTree = "<group>"; };
		C9EB022A154C85BD00DB75D8 /* UIImage+SCAdditions.m */ = {isa = PBXFileReference; fileEncoding = 4; lastKnownFileType = sourcecode.c.objc; path = "UIImage+SCAdditions.m"; sourceTree = "<group>"; };
		C9EB022B154C85BD00DB75D8 /* UIView+SCAdditions.h */ = {isa = PBXFileReference; fileEncoding = 4; lastKnownFileType = sourcecode.c.h; path = "UIView+SCAdditions.h"; sourceTree = "<group>"; };
		C9EB022C154C85BD00DB75D8 /* UIView+SCAdditions.m */ = {isa = PBXFileReference; fileEncoding = 4; lastKnownFileType = sourcecode.c.objc; path = "UIView+SCAdditions.m"; sourceTree = "<group>"; };
/* End PBXFileReference section */

/* Begin PBXFrameworksBuildPhase section */
		C993D90B154BEAA10045D39B /* Frameworks */ = {
			isa = PBXFrameworksBuildPhase;
			buildActionMask = 2147483647;
			files = (
				5DF6970F1551E04D0030D39A /* QuartzCore.framework in Frameworks */,
				C9EB01E5154C689800DB75D8 /* libsqlite3.0.dylib in Frameworks */,
				C993D913154BEAA10045D39B /* UIKit.framework in Frameworks */,
				C993D915154BEAA10045D39B /* Foundation.framework in Frameworks */,
				C993D917154BEAA10045D39B /* CoreGraphics.framework in Frameworks */,
			);
			runOnlyForDeploymentPostprocessing = 0;
		};
/* End PBXFrameworksBuildPhase section */

/* Begin PBXGroup section */
		1C87EE7D154FD4ED00E4CEA4 /* AddApprasialView */ = {
			isa = PBXGroup;
			children = (
				1C87EE79154FD4DF00E4CEA4 /* AddApprasialView.h */,
				1C87EE7A154FD4DF00E4CEA4 /* AddApprasialView.m */,
				1C87EE7F154FD58B00E4CEA4 /* AddApprasialView.xib */,
			);
			name = AddApprasialView;
			sourceTree = "<group>";
		};
		1C87EE7E154FD4F400E4CEA4 /* CustomDatePickerView */ = {
			isa = PBXGroup;
			children = (
				1CA0ABFF154EB409009E6D36 /* CustomDatePickerView.h */,
				1CA0AC00154EB409009E6D36 /* CustomDatePickerView.m */,
			);
			name = CustomDatePickerView;
			sourceTree = "<group>";
		};
		1C87EE96154FF45000E4CEA4 /* ModalController */ = {
			isa = PBXGroup;
			children = (
				1C87EE94154FF44800E4CEA4 /* ModalController.m */,
				1C87EE95154FF44800E4CEA4 /* ModalController.h */,
			);
			name = ModalController;
			sourceTree = "<group>";
		};
		1CBD5C4B154FFED100CC8FB9 /* AppraisalViewController */ = {
			isa = PBXGroup;
			children = (
				1CBD5C45154FFEC700CC8FB9 /* AppraisalViewController.h */,
				1CBD5C46154FFEC700CC8FB9 /* AppraisalViewController.m */,
				1CBD5C47154FFEC700CC8FB9 /* AppraisalViewController.xib */,
			);
			name = AppraisalViewController;
			sourceTree = "<group>";
		};
		1CE51EA4154EAFAD001675AC /* CustomDatePickerView */ = {
			isa = PBXGroup;
			children = (
			);
			name = CustomDatePickerView;
			sourceTree = "<group>";
		};
		5DAD7A22154DB3CA00C0C8F3 /* RatingCellView */ = {
			isa = PBXGroup;
			children = (
				1CE51E83154E74A6001675AC /* RatingCellView.h */,
				1CE51E84154E74A6001675AC /* RatingCellView.m */,
				1CE51E85154E74A6001675AC /* RatingCellView.xib */,
			);
			name = RatingCellView;
			sourceTree = "<group>";
		};
		5DFD225915506AF4008BAF60 /* InstructionViewController */ = {
			isa = PBXGroup;
			children = (
				1C80AF331552880200A391DA /* InstructionViewController.h */,
				1C80AF341552880200A391DA /* InstructionViewController.m */,
				1C80AF351552880200A391DA /* InstructionViewController.xib */,
			);
			name = InstructionViewController;
			sourceTree = "<group>";
		};
		C9386753154C9C0500709334 /* AddApprisalViewController */ = {
			isa = PBXGroup;
			children = (
				C938674D154C9C0100709334 /* AddAppraisalViewController.h */,
				C938674E154C9C0100709334 /* AddAppraisalViewController.m */,
				C938674F154C9C0100709334 /* AddAppraisalViewController.xib */,
			);
			name = AddApprisalViewController;
			sourceTree = "<group>";
		};
		C993D903154BEAA10045D39B = {
			isa = PBXGroup;
			children = (
				5DF6970E1551E04D0030D39A /* QuartzCore.framework */,
				5DFD225915506AF4008BAF60 /* InstructionViewController */,
				1CBD5C4B154FFED100CC8FB9 /* AppraisalViewController */,
				1C87EE96154FF45000E4CEA4 /* ModalController */,
				1C87EE7D154FD4ED00E4CEA4 /* AddApprasialView */,
				1C87EE7E154FD4F400E4CEA4 /* CustomDatePickerView */,
				1CE51EA4154EAFAD001675AC /* CustomDatePickerView */,
				C9DCCFA5154D3B6800220013 /* DetailAddApprisalViewController */,
				C9386753154C9C0500709334 /* AddApprisalViewController */,
				C9EB021A154C83AA00DB75D8 /* Picker Source */,
				C9EB01F6154C72C000DB75D8 /* OptionViewController */,
				C9EB01E6154C689F00DB75D8 /* DatabaseHAndler */,
				C9EB01DC154C66B500DB75D8 /* Constants */,
				C9EB01D8154C64FD00DB75D8 /* RegistrationViewController */,
				C9EB01CF154C62F800DB75D8 /* Images */,
				C993D92E154BEB450045D39B /* FirstViewController */,
				C993D918154BEAA10045D39B /* EmployeeRadarApp */,
				C993D911154BEAA10045D39B /* Frameworks */,
				C993D90F154BEAA10045D39B /* Products */,
			);
			sourceTree = "<group>";
		};
		C993D90F154BEAA10045D39B /* Products */ = {
			isa = PBXGroup;
			children = (
				C993D90E154BEAA10045D39B /* EmployeeRadarApp.app */,
			);
			name = Products;
			sourceTree = "<group>";
		};
		C993D911154BEAA10045D39B /* Frameworks */ = {
			isa = PBXGroup;
			children = (
				C9EB01E4154C689800DB75D8 /* libsqlite3.0.dylib */,
				C993D912154BEAA10045D39B /* UIKit.framework */,
				C993D914154BEAA10045D39B /* Foundation.framework */,
				C993D916154BEAA10045D39B /* CoreGraphics.framework */,
			);
			name = Frameworks;
			sourceTree = "<group>";
		};
		C993D918154BEAA10045D39B /* EmployeeRadarApp */ = {
			isa = PBXGroup;
			children = (
				C993D921154BEAA10045D39B /* EmployeeRadarAppAppDelegate.h */,
				C993D922154BEAA10045D39B /* EmployeeRadarAppAppDelegate.m */,
				C993D919154BEAA10045D39B /* Supporting Files */,
			);
			path = EmployeeRadarApp;
			sourceTree = "<group>";
		};
		C993D919154BEAA10045D39B /* Supporting Files */ = {
			isa = PBXGroup;
			children = (
				C993D91A154BEAA10045D39B /* EmployeeRadarApp-Info.plist */,
				C993D91B154BEAA10045D39B /* InfoPlist.strings */,
				C993D91E154BEAA10045D39B /* main.m */,
				C993D920154BEAA10045D39B /* EmployeeRadarApp-Prefix.pch */,
			);
			name = "Supporting Files";
			sourceTree = "<group>";
		};
		C993D92E154BEB450045D39B /* FirstViewController */ = {
			isa = PBXGroup;
			children = (
				C993D929154BEB3F0045D39B /* FirstViewController.h */,
				C993D92A154BEB3F0045D39B /* FirstViewController.m */,
				C993D92B154BEB3F0045D39B /* FirstViewController.xib */,
			);
			name = FirstViewController;
			sourceTree = "<group>";
		};
		C9DCCFA5154D3B6800220013 /* DetailAddApprisalViewController */ = {
			isa = PBXGroup;
			children = (
				C9DCCF9F154D3B6400220013 /* DetailAddAppraisalViewController.h */,
				C9DCCFA0154D3B6400220013 /* DetailAddAppraisalViewController.m */,
				C9DCCFA1154D3B6400220013 /* DetailAddAppraisalViewController.xib */,
				C9DCCFA9154D44EA00220013 /* RatingView */,
				5DAD7A22154DB3CA00C0C8F3 /* RatingCellView */,
			);
			name = DetailAddApprisalViewController;
			sourceTree = "<group>";
		};
		C9DCCFA9154D44EA00220013 /* RatingView */ = {
			isa = PBXGroup;
			children = (
				C9DCCFA6154D44E700220013 /* RatingView.h */,
				C9DCCFAC154D468C00220013 /* RatingView.xib */,
				C9DCCFA7154D44E700220013 /* RatingView.m */,
			);
			name = RatingView;
			sourceTree = "<group>";
		};
		C9EB01CF154C62F800DB75D8 /* Images */ = {
			isa = PBXGroup;
			children = (
				5DFD2251155069FA008BAF60 /* backGrn.png */,
				C9EB01F9154C7F9A00DB75D8 /* YellowImg.png */,
				C9EB01F7154C7D9F00DB75D8 /* Default.jpg */,
			);
			name = Images;
			sourceTree = "<group>";
		};
		C9EB01D8154C64FD00DB75D8 /* RegistrationViewController */ = {
			isa = PBXGroup;
			children = (
				C9EB01D3154C64F900DB75D8 /* RegistrationViewController.h */,
				C9EB01D4154C64F900DB75D8 /* RegistrationViewController.m */,
				C9EB01D5154C64F900DB75D8 /* RegistrationViewController.xib */,
			);
			name = RegistrationViewController;
			sourceTree = "<group>";
		};
		C9EB01DC154C66B500DB75D8 /* Constants */ = {
			isa = PBXGroup;
			children = (
				C9EB01D9154C66A800DB75D8 /* Constants.h */,
			);
			name = Constants;
			sourceTree = "<group>";
		};
		C9EB01E6154C689F00DB75D8 /* DatabaseHAndler */ = {
			isa = PBXGroup;
			children = (
				5D87F660154DCC93005C596D /* MCDatabase.m */,
				5D87F661154DCC93005C596D /* MCDatabase.h */,
				C9EB01EF154C6F6C00DB75D8 /* Radars.sqlite */,
				C9EB01E1154C687900DB75D8 /* DataBaseHandler.h */,
				C9EB01E2154C687900DB75D8 /* DataBaseHandler.m */,
			);
			name = DatabaseHAndler;
			sourceTree = "<group>";
		};
		C9EB01F6154C72C000DB75D8 /* OptionViewController */ = {
			isa = PBXGroup;
			children = (
				C9EB01F1154C72BC00DB75D8 /* OptionViewController.h */,
				C9EB01F2154C72BC00DB75D8 /* OptionViewController.m */,
				C9EB01F3154C72BC00DB75D8 /* OptionViewController.xib */,
			);
			name = OptionViewController;
			sourceTree = "<group>";
		};
		C9EB021A154C83AA00DB75D8 /* Picker Source */ = {
			isa = PBXGroup;
			children = (
				C9EB021B154C85BD00DB75D8 /* SCArgument.h */,
				C9EB021C154C85BD00DB75D8 /* SCArgument.m */,
				C9EB021D154C85BD00DB75D8 /* SCArgumentParser.h */,
				C9EB021E154C85BD00DB75D8 /* SCArgumentParser.m */,
				C9EB021F154C85BD00DB75D8 /* SCConstants.h */,
				C9EB0220154C85BD00DB75D8 /* SCConstants.m */,
				C9EB0221154C85BD00DB75D8 /* SCPathUtils.h */,
				C9EB0222154C85BD00DB75D8 /* SCPathUtils.m */,
				C9EB0223154C85BD00DB75D8 /* SCAnimation.h */,
				C9EB0224154C85BD00DB75D8 /* SCAnimation.m */,
				C9EB0225154C85BD00DB75D8 /* SCModalPickerView.h */,
				C9EB0226154C85BD00DB75D8 /* SCModalPickerView.m */,
				C9EB0227154C85BD00DB75D8 /* SCViewController.h */,
				C9EB0228154C85BD00DB75D8 /* SCViewController.m */,
				C9EB0229154C85BD00DB75D8 /* UIImage+SCAdditions.h */,
				C9EB022A154C85BD00DB75D8 /* UIImage+SCAdditions.m */,
				C9EB022B154C85BD00DB75D8 /* UIView+SCAdditions.h */,
				C9EB022C154C85BD00DB75D8 /* UIView+SCAdditions.m */,
			);
			name = "Picker Source";
			sourceTree = "<group>";
		};
/* End PBXGroup section */

/* Begin PBXNativeTarget section */
		C993D90D154BEAA10045D39B /* EmployeeRadarApp */ = {
			isa = PBXNativeTarget;
			buildConfigurationList = C993D926154BEAA10045D39B /* Build configuration list for PBXNativeTarget "EmployeeRadarApp" */;
			buildPhases = (
				C993D90A154BEAA10045D39B /* Sources */,
				C993D90B154BEAA10045D39B /* Frameworks */,
				C993D90C154BEAA10045D39B /* Resources */,
			);
			buildRules = (
			);
			dependencies = (
			);
			name = EmployeeRadarApp;
			productName = EmployeeRadarApp;
			productReference = C993D90E154BEAA10045D39B /* EmployeeRadarApp.app */;
			productType = "com.apple.product-type.application";
		};
/* End PBXNativeTarget section */

/* Begin PBXProject section */
		C993D905154BEAA10045D39B /* Project object */ = {
			isa = PBXProject;
			attributes = {
				LastUpgradeCheck = 0420;
				ORGANIZATIONNAME = "sauravsinha007@gmail.com";
			};
			buildConfigurationList = C993D908154BEAA10045D39B /* Build configuration list for PBXProject "EmployeeRadarApp" */;
			compatibilityVersion = "Xcode 3.2";
			developmentRegion = English;
			hasScannedForEncodings = 0;
			knownRegions = (
				en,
			);
			mainGroup = C993D903154BEAA10045D39B;
			productRefGroup = C993D90F154BEAA10045D39B /* Products */;
			projectDirPath = "";
			projectRoot = "";
			targets = (
				C993D90D154BEAA10045D39B /* EmployeeRadarApp */,
			);
		};
/* End PBXProject section */

/* Begin PBXResourcesBuildPhase section */
		C993D90C154BEAA10045D39B /* Resources */ = {
			isa = PBXResourcesBuildPhase;
			buildActionMask = 2147483647;
			files = (
				C993D91D154BEAA10045D39B /* InfoPlist.strings in Resources */,
				C993D92D154BEB3F0045D39B /* FirstViewController.xib in Resources */,
				C9EB01D7154C64F900DB75D8 /* RegistrationViewController.xib in Resources */,
				C9EB01F0154C6F6C00DB75D8 /* Radars.sqlite in Resources */,
				C9EB01F5154C72BC00DB75D8 /* OptionViewController.xib in Resources */,
				C9EB01F8154C7D9F00DB75D8 /* Default.jpg in Resources */,
				C9EB01FA154C7F9A00DB75D8 /* YellowImg.png in Resources */,
				C9386751154C9C0100709334 /* AddAppraisalViewController.xib in Resources */,
				C9DCCFA3154D3B6400220013 /* DetailAddAppraisalViewController.xib in Resources */,
				C9DCCFAD154D468C00220013 /* RatingView.xib in Resources */,
				1CE51E87154E74A6001675AC /* RatingCellView.xib in Resources */,
				1C87EE80154FD58B00E4CEA4 /* AddApprasialView.xib in Resources */,
				1CBD5C49154FFEC700CC8FB9 /* AppraisalViewController.xib in Resources */,
				5DFD2252155069FA008BAF60 /* backGrn.png in Resources */,
				1C80AF371552880200A391DA /* InstructionViewController.xib in Resources */,
			);
			runOnlyForDeploymentPostprocessing = 0;
		};
/* End PBXResourcesBuildPhase section */

/* Begin PBXSourcesBuildPhase section */
		C993D90A154BEAA10045D39B /* Sources */ = {
			isa = PBXSourcesBuildPhase;
			buildActionMask = 2147483647;
			files = (
				C993D91F154BEAA10045D39B /* main.m in Sources */,
				C993D923154BEAA10045D39B /* EmployeeRadarAppAppDelegate.m in Sources */,
				C993D92C154BEB3F0045D39B /* FirstViewController.m in Sources */,
				C9EB01D6154C64F900DB75D8 /* RegistrationViewController.m in Sources */,
				C9EB01E3154C687900DB75D8 /* DataBaseHandler.m in Sources */,
				C9EB01F4154C72BC00DB75D8 /* OptionViewController.m in Sources */,
				C9EB022D154C85BD00DB75D8 /* SCArgument.m in Sources */,
				C9EB022E154C85BD00DB75D8 /* SCArgumentParser.m in Sources */,
				C9EB022F154C85BD00DB75D8 /* SCConstants.m in Sources */,
				C9EB0230154C85BD00DB75D8 /* SCPathUtils.m in Sources */,
				C9EB0231154C85BD00DB75D8 /* SCAnimation.m in Sources */,
				C9EB0232154C85BD00DB75D8 /* SCModalPickerView.m in Sources */,
				C9EB0233154C85BD00DB75D8 /* SCViewController.m in Sources */,
				C9EB0234154C85BD00DB75D8 /* UIImage+SCAdditions.m in Sources */,
				C9EB0235154C85BD00DB75D8 /* UIView+SCAdditions.m in Sources */,
				C9386750154C9C0100709334 /* AddAppraisalViewController.m in Sources */,
				C9DCCFA2154D3B6400220013 /* DetailAddAppraisalViewController.m in Sources */,
				C9DCCFA8154D44E700220013 /* RatingView.m in Sources */,
				5D87F662154DCC93005C596D /* MCDatabase.m in Sources */,
				1CE51E86154E74A6001675AC /* RatingCellView.m in Sources */,
				1CA0AC01154EB409009E6D36 /* CustomDatePickerView.m in Sources */,
				1C87EE7B154FD4DF00E4CEA4 /* AddApprasialView.m in Sources */,
				1CBD5C48154FFEC700CC8FB9 /* AppraisalViewController.m in Sources */,
				1C80AF361552880200A391DA /* InstructionViewController.m in Sources */,
			);
			runOnlyForDeploymentPostprocessing = 0;
		};
/* End PBXSourcesBuildPhase section */

/* Begin PBXVariantGroup section */
		C993D91B154BEAA10045D39B /* InfoPlist.strings */ = {
			isa = PBXVariantGroup;
			children = (
				C993D91C154BEAA10045D39B /* en */,
			);
			name = InfoPlist.strings;
			sourceTree = "<group>";
		};
/* End PBXVariantGroup section */

/* Begin XCBuildConfiguration section */
		C993D924154BEAA10045D39B /* Debug */ = {
			isa = XCBuildConfiguration;
			buildSettings = {
				ALWAYS_SEARCH_USER_PATHS = NO;
				ARCHS = "$(ARCHS_STANDARD_32_BIT)";
				CODE_SIGN_IDENTITY = "iPhone Developer: Tapan Sinha (JQVPP4KWA4)";
				"CODE_SIGN_IDENTITY[sdk=iphoneos*]" = "iPhone Developer: Tapan Sinha (JQVPP4KWA4)";
				COPY_PHASE_STRIP = NO;
				GCC_C_LANGUAGE_STANDARD = gnu99;
				GCC_DYNAMIC_NO_PIC = NO;
				GCC_OPTIMIZATION_LEVEL = 0;
				GCC_PREPROCESSOR_DEFINITIONS = (
					"DEBUG=1",
					"$(inherited)",
				);
				GCC_SYMBOLS_PRIVATE_EXTERN = NO;
				GCC_VERSION = com.apple.compilers.llvm.clang.1_0;
				GCC_WARN_ABOUT_MISSING_PROTOTYPES = YES;
				GCC_WARN_ABOUT_RETURN_TYPE = YES;
				GCC_WARN_UNUSED_VARIABLE = YES;
				IPHONEOS_DEPLOYMENT_TARGET = 4.2;
				PROVISIONING_PROFILE = "177D10BC-4319-4EB6-A7E4-5145E374C118";
				"PROVISIONING_PROFILE[sdk=iphoneos*]" = "177D10BC-4319-4EB6-A7E4-5145E374C118";
				SDKROOT = iphoneos;
				TARGETED_DEVICE_FAMILY = 2;
			};
			name = Debug;
		};
		C993D925154BEAA10045D39B /* Release */ = {
			isa = XCBuildConfiguration;
			buildSettings = {
				ALWAYS_SEARCH_USER_PATHS = NO;
				ARCHS = "$(ARCHS_STANDARD_32_BIT)";
				CODE_SIGN_IDENTITY = "iPhone Developer: Tapan Sinha (JQVPP4KWA4)";
				"CODE_SIGN_IDENTITY[sdk=iphoneos*]" = "iPhone Developer: Tapan Sinha (JQVPP4KWA4)";
				COPY_PHASE_STRIP = YES;
				GCC_C_LANGUAGE_STANDARD = gnu99;
				GCC_VERSION = com.apple.compilers.llvm.clang.1_0;
				GCC_WARN_ABOUT_MISSING_PROTOTYPES = YES;
				GCC_WARN_ABOUT_RETURN_TYPE = YES;
				GCC_WARN_UNUSED_VARIABLE = YES;
				IPHONEOS_DEPLOYMENT_TARGET = 4.2;
				OTHER_CFLAGS = "-DNS_BLOCK_ASSERTIONS=1";
				PROVISIONING_PROFILE = "177D10BC-4319-4EB6-A7E4-5145E374C118";
				"PROVISIONING_PROFILE[sdk=iphoneos*]" = "177D10BC-4319-4EB6-A7E4-5145E374C118";
				SDKROOT = iphoneos;
				TARGETED_DEVICE_FAMILY = 2;
				VALIDATE_PRODUCT = YES;
			};
			name = Release;
		};
		C993D927154BEAA10045D39B /* Debug */ = {
			isa = XCBuildConfiguration;
			buildSettings = {
				CODE_SIGN_IDENTITY = "iPhone Developer: Tapan Sinha (JQVPP4KWA4)";
				"CODE_SIGN_IDENTITY[sdk=iphoneos*]" = "iPhone Developer: Tapan Sinha (JQVPP4KWA4)";
				GCC_PRECOMPILE_PREFIX_HEADER = YES;
				GCC_PREFIX_HEADER = "EmployeeRadarApp/EmployeeRadarApp-Prefix.pch";
				INFOPLIST_FILE = "EmployeeRadarApp/EmployeeRadarApp-Info.plist";
				PRODUCT_NAME = "$(TARGET_NAME)";
				PROVISIONING_PROFILE = "177D10BC-4319-4EB6-A7E4-5145E374C118";
				"PROVISIONING_PROFILE[sdk=iphoneos*]" = "177D10BC-4319-4EB6-A7E4-5145E374C118";
				WRAPPER_EXTENSION = app;
			};
			name = Debug;
		};
		C993D928154BEAA10045D39B /* Release */ = {
			isa = XCBuildConfiguration;
			buildSettings = {
				CODE_SIGN_IDENTITY = "iPhone Developer: Tapan Sinha (JQVPP4KWA4)";
				"CODE_SIGN_IDENTITY[sdk=iphoneos*]" = "iPhone Developer: Tapan Sinha (JQVPP4KWA4)";
				GCC_PRECOMPILE_PREFIX_HEADER = YES;
				GCC_PREFIX_HEADER = "EmployeeRadarApp/EmployeeRadarApp-Prefix.pch";
				INFOPLIST_FILE = "EmployeeRadarApp/EmployeeRadarApp-Info.plist";
				PRODUCT_NAME = "$(TARGET_NAME)";
				PROVISIONING_PROFILE = "177D10BC-4319-4EB6-A7E4-5145E374C118";
				"PROVISIONING_PROFILE[sdk=iphoneos*]" = "177D10BC-4319-4EB6-A7E4-5145E374C118";
				WRAPPER_EXTENSION = app;
			};
			name = Release;
		};
/* End XCBuildConfiguration section */

/* Begin XCConfigurationList section */
		C993D908154BEAA10045D39B /* Build configuration list for PBXProject "EmployeeRadarApp" */ = {
			isa = XCConfigurationList;
			buildConfigurations = (
				C993D924154BEAA10045D39B /* Debug */,
				C993D925154BEAA10045D39B /* Release */,
			);
			defaultConfigurationIsVisible = 0;
			defaultConfigurationName = Release;
		};
		C993D926154BEAA10045D39B /* Build configuration list for PBXNativeTarget "EmployeeRadarApp" */ = {
			isa = XCConfigurationList;
			buildConfigurations = (
				C993D927154BEAA10045D39B /* Debug */,
				C993D928154BEAA10045D39B /* Release */,
			);
			defaultConfigurationIsVisible = 0;
			defaultConfigurationName = Release;
		};
/* End XCConfigurationList section */
	};
	rootObject = C993D905154BEAA10045D39B /* Project object */;
}
